
Microsoft Visual Studio Solution File, Format Version 12.00
# Visual Studio Version 17
VisualStudioVersion = 17.8.34511.84
MinimumVisualStudioVersion = 10.0.40219.1
Project("{FAE04EC0-301F-11D3-BF4B-00C04F79EFBC}") = "CowsAndBulls", "CowsAndBulls.csproj", "{18B42E3F-D7F2-43B2-A54A-67F966B1CA5C}"
EndProject
Global
	GlobalSection(SolutionConfigurationPlatforms) = preSolution
		Debug|Any CPU = Debug|Any CPU
		Release|Any CPU = Release|Any CPU
	EndGlobalSection
	GlobalSection(ProjectConfigurationPlatforms) = postSolution
		{18B42E3F-D7F2-43B2-A54A-67F966B1CA5C}.Debug|Any CPU.ActiveCfg = Debug|Any CPU
		{18B42E3F-D7F2-43B2-A54A-67F966B1CA5C}.Debug|Any CPU.Build.0 = Debug|Any CPU
		{18B42E3F-D7F2-43B2-A54A-67F966B1CA5C}.Release|Any CPU.ActiveCfg = Release|Any CPU
		{18B42E3F-D7F2-43B2-A54A-67F966B1CA5C}.Release|Any CPU.Build.0 = Release|Any CPU
	EndGlobalSection
	GlobalSection(SolutionProperties) = preSolution
		HideSolutionNode = FALSE
	EndGlobalSection
	GlobalSection(ExtensibilityGlobals) = postSolution
		SolutionGuid = {ACB7BA75-86FF-4C06-ACD9-0364E74B6817}
	EndGlobalSection
EndGlobal
